
Microsoft Visual Studio Solution File, Format Version 12.00
# Visual Studio Version 17
VisualStudioVersion = 17.5.002.0
MinimumVisualStudioVersion = 10.0.40219.1
Project("{9A19103F-16F7-4668-BE54-9A1E7A4F7556}") = "DMAS", "DMAS.csproj", "{CC0C949B-0DE5-4AD6-932C-5358383369E4}"
EndProject
Global
	GlobalSection(SolutionConfigurationPlatforms) = preSolution
		Debug|Any CPU = Debug|Any CPU
		Release|Any CPU = Release|Any CPU
	EndGlobalSection
	GlobalSection(ProjectConfigurationPlatforms) = postSolution
		{CC0C949B-0DE5-4AD6-932C-5358383369E4}.Debug|Any CPU.ActiveCfg = Debug|Any CPU
		{CC0C949B-0DE5-4AD6-932C-5358383369E4}.Debug|Any CPU.Build.0 = Debug|Any CPU
		{CC0C949B-0DE5-4AD6-932C-5358383369E4}.Release|Any CPU.ActiveCfg = Release|Any CPU
		{CC0C949B-0DE5-4AD6-932C-5358383369E4}.Release|Any CPU.Build.0 = Release|Any CPU
	EndGlobalSection
	GlobalSection(SolutionProperties) = preSolution
		HideSolutionNode = FALSE
	EndGlobalSection
	GlobalSection(ExtensibilityGlobals) = postSolution
		SolutionGuid = {EC732776-652D-4DB8-AB58-3A92337E87C9}
	EndGlobalSection
EndGlobal
