
Microsoft Visual Studio Solution File, Format Version 12.00
# Visual Studio Version 17
VisualStudioVersion = 17.5.002.0
MinimumVisualStudioVersion = 10.0.40219.1
Project("{9A19103F-16F7-4668-BE54-9A1E7A4F7556}") = "demo_mongodb", "demo_mongodb\demo_mongodb.csproj", "{B2B8B5A3-2FB6-4D19-8EE5-5D0DB411DCE8}"
EndProject
Global
	GlobalSection(SolutionConfigurationPlatforms) = preSolution
		Debug|Any CPU = Debug|Any CPU
		Release|Any CPU = Release|Any CPU
	EndGlobalSection
	GlobalSection(ProjectConfigurationPlatforms) = postSolution
		{B2B8B5A3-2FB6-4D19-8EE5-5D0DB411DCE8}.Debug|Any CPU.ActiveCfg = Debug|Any CPU
		{B2B8B5A3-2FB6-4D19-8EE5-5D0DB411DCE8}.Debug|Any CPU.Build.0 = Debug|Any CPU
		{B2B8B5A3-2FB6-4D19-8EE5-5D0DB411DCE8}.Release|Any CPU.ActiveCfg = Release|Any CPU
		{B2B8B5A3-2FB6-4D19-8EE5-5D0DB411DCE8}.Release|Any CPU.Build.0 = Release|Any CPU
	EndGlobalSection
	GlobalSection(SolutionProperties) = preSolution
		HideSolutionNode = FALSE
	EndGlobalSection
	GlobalSection(ExtensibilityGlobals) = postSolution
		SolutionGuid = {603ABA3D-FA71-42BF-B100-AEB92C4E3E0E}
	EndGlobalSection
EndGlobal
